<?xml version="1.0" encoding="utf-8"?>
<Project ToolsVersion="4.0" xmlns="http://schemas.microsoft.com/developer/msbuild/2003">
  <ItemGroup>
    <Filter Include="소스 파일">
      <UniqueIdentifier>{4FC737F1-C7A5-4376-A066-2A32D752A2FF}</UniqueIdentifier>
      <Extensions>cpp;c;cc;cxx;def;odl;idl;hpj;bat;asm;asmx</Extensions>
    </Filter>
    <Filter Include="헤더 파일">
      <UniqueIdentifier>{93995380-89BD-4b04-88EB-625FBE52EBFB}</UniqueIdentifier>
      <Extensions>h;hpp;hxx;hm;inl;inc;xsd</Extensions>
    </Filter>
    <Filter Include="리소스 파일">
      <UniqueIdentifier>{67DA6AB6-F800-4c08-8B7A-83BB121AAD01}</UniqueIdentifier>
      <Extensions>rc;ico;cur;bmp;dlg;rc2;rct;bin;rgs;gif;jpg;jpeg;jpe;resx;tiff;tif;png;wav;mfcribbon-ms</Extensions>
    </Filter>
  </ItemGroup>
  <ItemGroup>
    <Text Include="ReadMe.txt" />
  </ItemGroup>
  <ItemGroup>
    <ClInclude Include="ITC_GUI_01.h">
      <Filter>헤더 파일</Filter>
    </ClInclude>
    <ClInclude Include="ITC_GUI_01Dlg.h">
      <Filter>헤더 파일</Filter>
    </ClInclude>
    <ClInclude Include="DlgProxy.h">
      <Filter>헤더 파일</Filter>
    </ClInclude>
    <ClInclude Include="stdafx.h">
      <Filter>헤더 파일</Filter>
    </ClInclude>
    <ClInclude Include="targetver.h">
      <Filter>헤더 파일</Filter>
    </ClInclude>
    <ClInclude Include="Resource.h">
      <Filter>헤더 파일</Filter>
    </ClInclude>
    <ClInclude Include="SET_ETHERNET.h">
      <Filter>헤더 파일</Filter>
    </ClInclude>
    <ClInclude Include="SET_ARC1.h">
      <Filter>헤더 파일</Filter>
    </ClInclude>
    <ClInclude Include="SET_ARC2.h">
      <Filter>헤더 파일</Filter>
    </ClInclude>
    <ClInclude Include="MWOD_LOAD.h">
      <Filter>헤더 파일</Filter>
    </ClInclude>
    <ClInclude Include="FMT_NET_LOAD.h">
      <Filter>헤더 파일</Filter>
    </ClInclude>
    <ClInclude Include="PRESET_LOAD.h">
      <Filter>헤더 파일</Filter>
    </ClInclude>
    <ClInclude Include="MWOD_LOAD_STATUS.h">
      <Filter>헤더 파일</Filter>
    </ClInclude>
    <ClInclude Include="PRESET_STATUS.h">
      <Filter>헤더 파일</Filter>
    </ClInclude>
    <ClInclude Include="BIT_SUMMARY.h">
      <Filter>헤더 파일</Filter>
    </ClInclude>
    <ClInclude Include="ICS_CP.h">
      <Filter>헤더 파일</Filter>
    </ClInclude>
    <ClInclude Include="VOICE_MESSAGE.h">
      <Filter>헤더 파일</Filter>
    </ClInclude>
    <ClInclude Include="FAULT_DATA.h">
      <Filter>헤더 파일</Filter>
    </ClInclude>
    <ClInclude Include="ITC_SET_DIS.h">
      <Filter>헤더 파일</Filter>
    </ClInclude>
    <ClInclude Include="configop.h">
      <Filter>헤더 파일</Filter>
    </ClInclude>
    <ClInclude Include="BIT_FIELD.h">
      <Filter>헤더 파일</Filter>
    </ClInclude>
    <ClInclude Include="MWOD_LOAD2.h">
      <Filter>헤더 파일</Filter>
    </ClInclude>
    <ClInclude Include="PRESET_LOAD2.h">
      <Filter>헤더 파일</Filter>
    </ClInclude>
    <ClInclude Include="FMT_NET_LOAD2.h">
      <Filter>헤더 파일</Filter>
    </ClInclude>
    <ClInclude Include="MWOD_LOAD_STATUS2.h">
      <Filter>헤더 파일</Filter>
    </ClInclude>
    <ClInclude Include="PRESET_STATUS2.h">
      <Filter>헤더 파일</Filter>
    </ClInclude>
    <ClInclude Include="BIT_SUMMARY2.h">
      <Filter>헤더 파일</Filter>
    </ClInclude>
    <ClInclude Include="ClientSocket.h">
      <Filter>헤더 파일</Filter>
    </ClInclude>
    <ClInclude Include="CtrlPowSup.h">
      <Filter>헤더 파일</Filter>
    </ClInclude>
  </ItemGroup>
  <ItemGroup>
    <ClCompile Include="ITC_GUI_01.cpp">
      <Filter>소스 파일</Filter>
    </ClCompile>
    <ClCompile Include="ITC_GUI_01Dlg.cpp">
      <Filter>소스 파일</Filter>
    </ClCompile>
    <ClCompile Include="DlgProxy.cpp">
      <Filter>소스 파일</Filter>
    </ClCompile>
    <ClCompile Include="stdafx.cpp">
      <Filter>소스 파일</Filter>
    </ClCompile>
    <ClCompile Include="SET_ETHERNET.cpp">
      <Filter>소스 파일</Filter>
    </ClCompile>
    <ClCompile Include="SET_ARC1.cpp">
      <Filter>소스 파일</Filter>
    </ClCompile>
    <ClCompile Include="SET_ARC2.cpp">
      <Filter>소스 파일</Filter>
    </ClCompile>
    <ClCompile Include="MWOD_LOAD.cpp">
      <Filter>소스 파일</Filter>
    </ClCompile>
    <ClCompile Include="FMT_NET_LOAD.cpp">
      <Filter>소스 파일</Filter>
    </ClCompile>
    <ClCompile Include="PRESET_LOAD.cpp">
      <Filter>소스 파일</Filter>
    </ClCompile>
    <ClCompile Include="MWOD_LOAD_STATUS.cpp">
      <Filter>소스 파일</Filter>
    </ClCompile>
    <ClCompile Include="PRESET_STATUS.cpp">
      <Filter>소스 파일</Filter>
    </ClCompile>
    <ClCompile Include="BIT_SUMMARY.cpp">
      <Filter>소스 파일</Filter>
    </ClCompile>
    <ClCompile Include="ICS_CP.cpp">
      <Filter>소스 파일</Filter>
    </ClCompile>
    <ClCompile Include="VOICE_MESSAGE.cpp">
      <Filter>소스 파일</Filter>
    </ClCompile>
    <ClCompile Include="FAULT_DATA.cpp">
      <Filter>소스 파일</Filter>
    </ClCompile>
    <ClCompile Include="ITC_SET_DIS.cpp">
      <Filter>소스 파일</Filter>
    </ClCompile>
    <ClCompile Include="configop.cpp">
      <Filter>소스 파일</Filter>
    </ClCompile>
    <ClCompile Include="BIT_FIELD.cpp">
      <Filter>소스 파일</Filter>
    </ClCompile>
    <ClCompile Include="MWOD_LOAD2.cpp">
      <Filter>소스 파일</Filter>
    </ClCompile>
    <ClCompile Include="PRESET_LOAD2.cpp">
      <Filter>소스 파일</Filter>
    </ClCompile>
    <ClCompile Include="FMT_NET_LOAD2.cpp">
      <Filter>소스 파일</Filter>
    </ClCompile>
    <ClCompile Include="MWOD_LOAD_STATUS2.cpp">
      <Filter>소스 파일</Filter>
    </ClCompile>
    <ClCompile Include="PRESET_STATUS2.cpp">
      <Filter>소스 파일</Filter>
    </ClCompile>
    <ClCompile Include="BIT_SUMMARY2.cpp">
      <Filter>소스 파일</Filter>
    </ClCompile>
    <ClCompile Include="ClientSocket.cpp">
      <Filter>소스 파일</Filter>
    </ClCompile>
    <ClCompile Include="CtrlPowSup.cpp">
      <Filter>소스 파일</Filter>
    </ClCompile>
  </ItemGroup>
  <ItemGroup>
    <Midl Include="ITC_GUI_01.idl">
      <Filter>소스 파일</Filter>
    </Midl>
  </ItemGroup>
  <ItemGroup>
    <None Include="ITC_GUI_01.reg" />
    <None Include="res\ITC_GUI_01.rc2">
      <Filter>리소스 파일</Filter>
    </None>
  </ItemGroup>
  <ItemGroup>
    <ResourceCompile Include="ITC_GUI_01.rc">
      <Filter>리소스 파일</Filter>
    </ResourceCompile>
  </ItemGroup>
  <ItemGroup>
    <Image Include="res\ITC_GUI_01.ico">
      <Filter>리소스 파일</Filter>
    </Image>
    <Image Include="res\icon1.ico">
      <Filter>리소스 파일</Filter>
    </Image>
    <Image Include="res\icon2.ico">
      <Filter>리소스 파일</Filter>
    </Image>
    <Image Include="res\icon3.ico">
      <Filter>리소스 파일</Filter>
    </Image>
    <Image Include="res\icon4.ico">
      <Filter>리소스 파일</Filter>
    </Image>
    <Image Include="res\icon5.ico">
      <Filter>리소스 파일</Filter>
    </Image>
    <Image Include="res\icon6.ico">
      <Filter>리소스 파일</Filter>
    </Image>
    <Image Include="res\icon7.ico">
      <Filter>리소스 파일</Filter>
    </Image>
    <Image Include="res\icon8.ico">
      <Filter>리소스 파일</Filter>
    </Image>
    <Image Include="res\icon9.ico">
      <Filter>리소스 파일</Filter>
    </Image>
    <Image Include="res\icon10.ico">
      <Filter>리소스 파일</Filter>
    </Image>
    <Image Include="res\icon11.ico">
      <Filter>리소스 파일</Filter>
    </Image>
    <Image Include="res\icon12.ico">
      <Filter>리소스 파일</Filter>
    </Image>
    <Image Include="res\Config.ico">
      <Filter>리소스 파일</Filter>
    </Image>
    <Image Include="res\icon13.ico">
      <Filter>리소스 파일</Filter>
    </Image>
    <Image Include="res\Network.contrast-white.ico">
      <Filter>리소스 파일</Filter>
    </Image>
    <Image Include="res\specctra.ico">
      <Filter>리소스 파일</Filter>
    </Image>
    <Image Include="res\ARC.ico">
      <Filter>리소스 파일</Filter>
    </Image>
    <Image Include="res\ethernet_cable_icon_135661.ico">
      <Filter>리소스 파일</Filter>
    </Image>
    <Image Include="res\icons8-windows-8-users-exit.ico">
      <Filter>리소스 파일</Filter>
    </Image>
    <Image Include="res\icons8-windows-8-very-basic-link.ico">
      <Filter>리소스 파일</Filter>
    </Image>
    <Image Include="res\settings-4-64.ico">
      <Filter>리소스 파일</Filter>
    </Image>
    <Image Include="res\DGTR.png">
      <Filter>리소스 파일</Filter>
    </Image>
    <Image Include="res\DGTR.ico">
      <Filter>리소스 파일</Filter>
    </Image>
    <Image Include="res\circuit_4717.ico">
      <Filter>리소스 파일</Filter>
    </Image>
    <Image Include="..\..\res\Ethernet.ico">
      <Filter>리소스 파일</Filter>
    </Image>
    <Image Include="res\Ethernet.ico">
      <Filter>리소스 파일</Filter>
    </Image>
  </ItemGroup>
</Project>