
Microsoft Visual Studio Solution File, Format Version 12.00
# Visual Studio 2012
Project("{8BC9CEB8-8B4A-11D0-8D11-00A0C91BC942}") = "ITC_GUI_01", "ITC_GUI_01\ITC_GUI_01.vcxproj", "{F3AE7D6A-6C2E-427F-91C4-94E15AFA5582}"
EndProject
Global
	GlobalSection(SolutionConfigurationPlatforms) = preSolution
		Debug|Win32 = Debug|Win32
		Release|Win32 = Release|Win32
	EndGlobalSection
	GlobalSection(ProjectConfigurationPlatforms) = postSolution
		{F3AE7D6A-6C2E-427F-91C4-94E15AFA5582}.Debug|Win32.ActiveCfg = Debug|Win32
		{F3AE7D6A-6C2E-427F-91C4-94E15AFA5582}.Debug|Win32.Build.0 = Debug|Win32
		{F3AE7D6A-6C2E-427F-91C4-94E15AFA5582}.Release|Win32.ActiveCfg = Release|Win32
		{F3AE7D6A-6C2E-427F-91C4-94E15AFA5582}.Release|Win32.Build.0 = Release|Win32
	EndGlobalSection
	GlobalSection(SolutionProperties) = preSolution
		HideSolutionNode = FALSE
	EndGlobalSection
EndGlobal
